
Microsoft Visual Studio Solution File, Format Version 12.00
# Visual Studio Version 17
VisualStudioVersion = 17.1.32210.238
MinimumVisualStudioVersion = 10.0.40219.1
Project("{FAE04EC0-301F-11D3-BF4B-00C04F79EFBC}") = "GetEmails", "GetEmails\GetEmails.csproj", "{4A6D8176-C722-4442-9EC0-65C53CF20846}"
EndProject
Global
	GlobalSection(SolutionConfigurationPlatforms) = preSolution
		Debug|Any CPU = Debug|Any CPU
		Release|Any CPU = Release|Any CPU
	EndGlobalSection
	GlobalSection(ProjectConfigurationPlatforms) = postSolution
		{4A6D8176-C722-4442-9EC0-65C53CF20846}.Debug|Any CPU.ActiveCfg = Debug|Any CPU
		{4A6D8176-C722-4442-9EC0-65C53CF20846}.Debug|Any CPU.Build.0 = Debug|Any CPU
		{4A6D8176-C722-4442-9EC0-65C53CF20846}.Release|Any CPU.ActiveCfg = Release|Any CPU
		{4A6D8176-C722-4442-9EC0-65C53CF20846}.Release|Any CPU.Build.0 = Release|Any CPU
	EndGlobalSection
	GlobalSection(SolutionProperties) = preSolution
		HideSolutionNode = FALSE
	EndGlobalSection
	GlobalSection(ExtensibilityGlobals) = postSolution
		SolutionGuid = {61DCE8D4-EC07-4B71-B6B9-61151A931B68}
	EndGlobalSection
EndGlobal
