
Microsoft Visual Studio Solution File, Format Version 12.00
# Visual Studio Version 17
VisualStudioVersion = 17.2.32519.379
MinimumVisualStudioVersion = 10.0.40219.1
Project("{FAE04EC0-301F-11D3-BF4B-00C04F79EFBC}") = "VisitorsStatistics", "VisitorsStatistics\VisitorsStatistics.csproj", "{455AEB0A-FD52-4DF9-9DF5-6F3A8D65F94D}"
EndProject
Global
	GlobalSection(SolutionConfigurationPlatforms) = preSolution
		Debug|Any CPU = Debug|Any CPU
		Release|Any CPU = Release|Any CPU
	EndGlobalSection
	GlobalSection(ProjectConfigurationPlatforms) = postSolution
		{455AEB0A-FD52-4DF9-9DF5-6F3A8D65F94D}.Debug|Any CPU.ActiveCfg = Debug|Any CPU
		{455AEB0A-FD52-4DF9-9DF5-6F3A8D65F94D}.Debug|Any CPU.Build.0 = Debug|Any CPU
		{455AEB0A-FD52-4DF9-9DF5-6F3A8D65F94D}.Release|Any CPU.ActiveCfg = Release|Any CPU
		{455AEB0A-FD52-4DF9-9DF5-6F3A8D65F94D}.Release|Any CPU.Build.0 = Release|Any CPU
	EndGlobalSection
	GlobalSection(SolutionProperties) = preSolution
		HideSolutionNode = FALSE
	EndGlobalSection
	GlobalSection(ExtensibilityGlobals) = postSolution
		SolutionGuid = {DE30FB14-E3CB-4D2A-9D6E-5C478C110127}
	EndGlobalSection
EndGlobal
