
Microsoft Visual Studio Solution File, Format Version 12.00
# Visual Studio Version 17
VisualStudioVersion = 17.2.32519.379
MinimumVisualStudioVersion = 10.0.40219.1
Project("{FAE04EC0-301F-11D3-BF4B-00C04F79EFBC}") = "Energo", "Energo\Energo.csproj", "{1AC0A940-3CC9-45C8-8A84-1D0C00EE6CF1}"
EndProject
Global
	GlobalSection(SolutionConfigurationPlatforms) = preSolution
		Debug|Any CPU = Debug|Any CPU
		Release|Any CPU = Release|Any CPU
	EndGlobalSection
	GlobalSection(ProjectConfigurationPlatforms) = postSolution
		{1AC0A940-3CC9-45C8-8A84-1D0C00EE6CF1}.Debug|Any CPU.ActiveCfg = Debug|Any CPU
		{1AC0A940-3CC9-45C8-8A84-1D0C00EE6CF1}.Debug|Any CPU.Build.0 = Debug|Any CPU
		{1AC0A940-3CC9-45C8-8A84-1D0C00EE6CF1}.Release|Any CPU.ActiveCfg = Release|Any CPU
		{1AC0A940-3CC9-45C8-8A84-1D0C00EE6CF1}.Release|Any CPU.Build.0 = Release|Any CPU
	EndGlobalSection
	GlobalSection(SolutionProperties) = preSolution
		HideSolutionNode = FALSE
	EndGlobalSection
	GlobalSection(ExtensibilityGlobals) = postSolution
		SolutionGuid = {5C7B82A4-5F37-4E12-8E49-6AABE34E5FE4}
	EndGlobalSection
EndGlobal
