
Microsoft Visual Studio Solution File, Format Version 12.00
# Visual Studio Version 17
VisualStudioVersion = 17.2.32519.379
MinimumVisualStudioVersion = 10.0.40219.1
Project("{FAE04EC0-301F-11D3-BF4B-00C04F79EFBC}") = "Text", "Text\Text.csproj", "{313156C5-1E86-4869-83F7-A8A1C1BB33BE}"
EndProject
Global
	GlobalSection(SolutionConfigurationPlatforms) = preSolution
		Debug|Any CPU = Debug|Any CPU
		Release|Any CPU = Release|Any CPU
	EndGlobalSection
	GlobalSection(ProjectConfigurationPlatforms) = postSolution
		{313156C5-1E86-4869-83F7-A8A1C1BB33BE}.Debug|Any CPU.ActiveCfg = Debug|Any CPU
		{313156C5-1E86-4869-83F7-A8A1C1BB33BE}.Debug|Any CPU.Build.0 = Debug|Any CPU
		{313156C5-1E86-4869-83F7-A8A1C1BB33BE}.Release|Any CPU.ActiveCfg = Release|Any CPU
		{313156C5-1E86-4869-83F7-A8A1C1BB33BE}.Release|Any CPU.Build.0 = Release|Any CPU
	EndGlobalSection
	GlobalSection(SolutionProperties) = preSolution
		HideSolutionNode = FALSE
	EndGlobalSection
	GlobalSection(ExtensibilityGlobals) = postSolution
		SolutionGuid = {8CDE9216-9AB6-4B7C-8CF3-B6EF08A931AE}
	EndGlobalSection
EndGlobal
